
Microsoft Visual Studio Solution File, Format Version 12.00
# Visual Studio 15
VisualStudioVersion = 15.0.28307.168
MinimumVisualStudioVersion = 10.0.40219.1
Project("{00D1A9C2-B5F0-4AF3-8072-F6C62B433612}") = "NewDB", "NewDB\NewDB.sqlproj", "{02452170-EFBD-4D85-B49B-E335A2474B55}"
EndProject
Global
	GlobalSection(SolutionConfigurationPlatforms) = preSolution
		Debug|Any CPU = Debug|Any CPU
		Release|Any CPU = Release|Any CPU
	EndGlobalSection
	GlobalSection(ProjectConfigurationPlatforms) = postSolution
		{02452170-EFBD-4D85-B49B-E335A2474B55}.Debug|Any CPU.ActiveCfg = Debug|Any CPU
		{02452170-EFBD-4D85-B49B-E335A2474B55}.Debug|Any CPU.Build.0 = Debug|Any CPU
		{02452170-EFBD-4D85-B49B-E335A2474B55}.Debug|Any CPU.Deploy.0 = Debug|Any CPU
		{02452170-EFBD-4D85-B49B-E335A2474B55}.Release|Any CPU.ActiveCfg = Release|Any CPU
		{02452170-EFBD-4D85-B49B-E335A2474B55}.Release|Any CPU.Build.0 = Release|Any CPU
		{02452170-EFBD-4D85-B49B-E335A2474B55}.Release|Any CPU.Deploy.0 = Release|Any CPU
	EndGlobalSection
	GlobalSection(SolutionProperties) = preSolution
		HideSolutionNode = FALSE
	EndGlobalSection
	GlobalSection(ExtensibilityGlobals) = postSolution
		SolutionGuid = {82EF2475-6B14-4B77-8E8B-2B515C7D999F}
	EndGlobalSection
EndGlobal
